# This file is automatically @generated by Poetry 2.1.4 and should not be changed by hand.

[[package]]
name = "stats"
version = "0.1.2a"
description = "Calculator-style statistical functions"
optional = false
python-versions = "*"
groups = ["main"]
files = [
    {file = "stats-0.1.2a.tar.gz", hash = "sha256:854e59fa99f92ce8319c16149ef8e9939dba3e2237bbb0fb6a6094c60155bd4c"},
]

[metadata]
lock-version = "2.1"
python-versions = ">=3.13"
content-hash = "7057bcd983f3599524a56647bf6d1f508f72bec2ce116de57881f9b3b2eb9854"
